
Microsoft Visual Studio Solution File, Format Version 12.00
# Visual Studio 15
VisualStudioVersion = 15.0.28307.168
MinimumVisualStudioVersion = 10.0.40219.1
Project("{8BC9CEB8-8B4A-11D0-8D11-00A0C91BC942}") = "RemoteControl", "RemoteControl\RemoteControl.vcxproj", "{75C36D76-C4A9-460F-BD6B-3C8847ED86A3}"
EndProject
Project("{8BC9CEB8-8B4A-11D0-8D11-00A0C91BC942}") = "mouseHook", "..\RemoteControl_Customer\mouseHook\mouseHook.vcxproj", "{4338B6B7-0BD8-4294-A2AE-8DC7312A69DD}"
EndProject
Global
	GlobalSection(SolutionConfigurationPlatforms) = preSolution
		Debug|x64 = Debug|x64
		Debug|x86 = Debug|x86
		Release|x64 = Release|x64
		Release|x86 = Release|x86
	EndGlobalSection
	GlobalSection(ProjectConfigurationPlatforms) = postSolution
		{75C36D76-C4A9-460F-BD6B-3C8847ED86A3}.Debug|x64.ActiveCfg = Debug|x64
		{75C36D76-C4A9-460F-BD6B-3C8847ED86A3}.Debug|x64.Build.0 = Debug|x64
		{75C36D76-C4A9-460F-BD6B-3C8847ED86A3}.Debug|x86.ActiveCfg = Debug|Win32
		{75C36D76-C4A9-460F-BD6B-3C8847ED86A3}.Debug|x86.Build.0 = Debug|Win32
		{75C36D76-C4A9-460F-BD6B-3C8847ED86A3}.Release|x64.ActiveCfg = Release|x64
		{75C36D76-C4A9-460F-BD6B-3C8847ED86A3}.Release|x64.Build.0 = Release|x64
		{75C36D76-C4A9-460F-BD6B-3C8847ED86A3}.Release|x86.ActiveCfg = Release|Win32
		{75C36D76-C4A9-460F-BD6B-3C8847ED86A3}.Release|x86.Build.0 = Release|Win32
		{4338B6B7-0BD8-4294-A2AE-8DC7312A69DD}.Debug|x64.ActiveCfg = Debug|x64
		{4338B6B7-0BD8-4294-A2AE-8DC7312A69DD}.Debug|x64.Build.0 = Debug|x64
		{4338B6B7-0BD8-4294-A2AE-8DC7312A69DD}.Debug|x86.ActiveCfg = Debug|Win32
		{4338B6B7-0BD8-4294-A2AE-8DC7312A69DD}.Debug|x86.Build.0 = Debug|Win32
		{4338B6B7-0BD8-4294-A2AE-8DC7312A69DD}.Release|x64.ActiveCfg = Release|x64
		{4338B6B7-0BD8-4294-A2AE-8DC7312A69DD}.Release|x64.Build.0 = Release|x64
		{4338B6B7-0BD8-4294-A2AE-8DC7312A69DD}.Release|x86.ActiveCfg = Release|Win32
		{4338B6B7-0BD8-4294-A2AE-8DC7312A69DD}.Release|x86.Build.0 = Release|Win32
	EndGlobalSection
	GlobalSection(SolutionProperties) = preSolution
		HideSolutionNode = FALSE
	EndGlobalSection
	GlobalSection(ExtensibilityGlobals) = postSolution
		SolutionGuid = {3AFC9ED1-C48A-4C15-8DD7-D1BF15FA9166}
	EndGlobalSection
EndGlobal
