
Microsoft Visual Studio Solution File, Format Version 12.00
# Visual Studio 15
VisualStudioVersion = 15.0.28307.168
MinimumVisualStudioVersion = 10.0.40219.1
Project("{8BC9CEB8-8B4A-11D0-8D11-00A0C91BC942}") = "RemoteControl_Customer", "RemoteControl_Customer\RemoteControl_Customer.vcxproj", "{E5990E97-9226-4AB0-9CAD-1014A6AFF7C8}"
EndProject
Global
	GlobalSection(SolutionConfigurationPlatforms) = preSolution
		Debug|x64 = Debug|x64
		Debug|x86 = Debug|x86
		Release|x64 = Release|x64
		Release|x86 = Release|x86
	EndGlobalSection
	GlobalSection(ProjectConfigurationPlatforms) = postSolution
		{E5990E97-9226-4AB0-9CAD-1014A6AFF7C8}.Debug|x64.ActiveCfg = Debug|x64
		{E5990E97-9226-4AB0-9CAD-1014A6AFF7C8}.Debug|x64.Build.0 = Debug|x64
		{E5990E97-9226-4AB0-9CAD-1014A6AFF7C8}.Debug|x86.ActiveCfg = Debug|Win32
		{E5990E97-9226-4AB0-9CAD-1014A6AFF7C8}.Debug|x86.Build.0 = Debug|Win32
		{E5990E97-9226-4AB0-9CAD-1014A6AFF7C8}.Release|x64.ActiveCfg = Release|x64
		{E5990E97-9226-4AB0-9CAD-1014A6AFF7C8}.Release|x64.Build.0 = Release|x64
		{E5990E97-9226-4AB0-9CAD-1014A6AFF7C8}.Release|x86.ActiveCfg = Release|Win32
		{E5990E97-9226-4AB0-9CAD-1014A6AFF7C8}.Release|x86.Build.0 = Release|Win32
	EndGlobalSection
	GlobalSection(SolutionProperties) = preSolution
		HideSolutionNode = FALSE
	EndGlobalSection
	GlobalSection(ExtensibilityGlobals) = postSolution
		SolutionGuid = {BABF987B-CE45-4DD2-992A-B1F5425C88E1}
	EndGlobalSection
EndGlobal
